
Microsoft Visual Studio Solution File, Format Version 12.00
# Visual Studio Version 16
VisualStudioVersion = 16.0.30523.141
MinimumVisualStudioVersion = 10.0.40219.1
Project("{FAE04EC0-301F-11D3-BF4B-00C04F79EFBC}") = "PoliceChase", "PoliceChase\PoliceChase.csproj", "{8CD88099-5B52-415E-82D2-7EF0212116DA}"
EndProject
Global
	GlobalSection(SolutionConfigurationPlatforms) = preSolution
		Debug|Any CPU = Debug|Any CPU
		Release|Any CPU = Release|Any CPU
	EndGlobalSection
	GlobalSection(ProjectConfigurationPlatforms) = postSolution
		{8CD88099-5B52-415E-82D2-7EF0212116DA}.Debug|Any CPU.ActiveCfg = Debug|Any CPU
		{8CD88099-5B52-415E-82D2-7EF0212116DA}.Debug|Any CPU.Build.0 = Debug|Any CPU
		{8CD88099-5B52-415E-82D2-7EF0212116DA}.Release|Any CPU.ActiveCfg = Release|Any CPU
		{8CD88099-5B52-415E-82D2-7EF0212116DA}.Release|Any CPU.Build.0 = Release|Any CPU
	EndGlobalSection
	GlobalSection(SolutionProperties) = preSolution
		HideSolutionNode = FALSE
	EndGlobalSection
	GlobalSection(ExtensibilityGlobals) = postSolution
		SolutionGuid = {6DDED3D4-4BE2-4F4C-AF83-9EC44DE7E6FD}
	EndGlobalSection
EndGlobal
